
Microsoft Visual Studio Solution File, Format Version 12.00
# Visual Studio Version 17
VisualStudioVersion = 17.6.33829.357
MinimumVisualStudioVersion = 10.0.40219.1
Project("{FAE04EC0-301F-11D3-BF4B-00C04F79EFBC}") = "BlogSite.Web", "BlogSite.Web\BlogSite.Web.csproj", "{B3BC38AF-CC1E-4260-96D8-F92FD5FD86CA}"
EndProject
Global
	GlobalSection(SolutionConfigurationPlatforms) = preSolution
		Debug|Any CPU = Debug|Any CPU
		Release|Any CPU = Release|Any CPU
	EndGlobalSection
	GlobalSection(ProjectConfigurationPlatforms) = postSolution
		{B3BC38AF-CC1E-4260-96D8-F92FD5FD86CA}.Debug|Any CPU.ActiveCfg = Debug|Any CPU
		{B3BC38AF-CC1E-4260-96D8-F92FD5FD86CA}.Debug|Any CPU.Build.0 = Debug|Any CPU
		{B3BC38AF-CC1E-4260-96D8-F92FD5FD86CA}.Release|Any CPU.ActiveCfg = Release|Any CPU
		{B3BC38AF-CC1E-4260-96D8-F92FD5FD86CA}.Release|Any CPU.Build.0 = Release|Any CPU
	EndGlobalSection
	GlobalSection(SolutionProperties) = preSolution
		HideSolutionNode = FALSE
	EndGlobalSection
	GlobalSection(ExtensibilityGlobals) = postSolution
		SolutionGuid = {1F69A652-8EC9-45CB-A8DB-191F52926221}
	EndGlobalSection
EndGlobal
